
Microsoft Visual Studio Solution File, Format Version 12.00
# Visual Studio 15
VisualStudioVersion = 15.0.28307.136
MinimumVisualStudioVersion = 10.0.40219.1
Project("{FAE04EC0-301F-11D3-BF4B-00C04F79EFBC}") = "CRUD_Project", "CRUD_Project\CRUD_Project.csproj", "{3DE03C19-4BB7-4E76-BE41-B07E9997BB16}"
EndProject
Global
	GlobalSection(SolutionConfigurationPlatforms) = preSolution
		Debug|Any CPU = Debug|Any CPU
		Release|Any CPU = Release|Any CPU
	EndGlobalSection
	GlobalSection(ProjectConfigurationPlatforms) = postSolution
		{3DE03C19-4BB7-4E76-BE41-B07E9997BB16}.Debug|Any CPU.ActiveCfg = Debug|Any CPU
		{3DE03C19-4BB7-4E76-BE41-B07E9997BB16}.Debug|Any CPU.Build.0 = Debug|Any CPU
		{3DE03C19-4BB7-4E76-BE41-B07E9997BB16}.Release|Any CPU.ActiveCfg = Release|Any CPU
		{3DE03C19-4BB7-4E76-BE41-B07E9997BB16}.Release|Any CPU.Build.0 = Release|Any CPU
	EndGlobalSection
	GlobalSection(SolutionProperties) = preSolution
		HideSolutionNode = FALSE
	EndGlobalSection
	GlobalSection(ExtensibilityGlobals) = postSolution
		SolutionGuid = {3C09AFD8-58F7-4E9C-8BD3-62ABD9794EA1}
	EndGlobalSection
EndGlobal
